
Microsoft Visual Studio Solution File, Format Version 12.00
# Visual Studio Version 16
VisualStudioVersion = 25.0.1706.9
MinimumVisualStudioVersion = 10.0.40219.1
Project("{FAE04EC0-301F-11D3-BF4B-00C04F79EFBC}") = "QandA", "QandA\QandA.csproj", "{49EB4D86-FCA7-4162-980F-844EFC47850B}"
EndProject
Global
	GlobalSection(SolutionConfigurationPlatforms) = preSolution
		Debug|Any CPU = Debug|Any CPU
		Release|Any CPU = Release|Any CPU
	EndGlobalSection
	GlobalSection(ProjectConfigurationPlatforms) = postSolution
		{49EB4D86-FCA7-4162-980F-844EFC47850B}.Debug|Any CPU.ActiveCfg = Debug|Any CPU
		{49EB4D86-FCA7-4162-980F-844EFC47850B}.Debug|Any CPU.Build.0 = Debug|Any CPU
		{49EB4D86-FCA7-4162-980F-844EFC47850B}.Release|Any CPU.ActiveCfg = Release|Any CPU
		{49EB4D86-FCA7-4162-980F-844EFC47850B}.Release|Any CPU.Build.0 = Release|Any CPU
	EndGlobalSection
	GlobalSection(SolutionProperties) = preSolution
		HideSolutionNode = FALSE
	EndGlobalSection
	GlobalSection(ExtensibilityGlobals) = postSolution
		SolutionGuid = {1612CE57-BFC2-4688-8E5E-A5CB910D2362}
	EndGlobalSection
EndGlobal
